
Microsoft Visual Studio Solution File, Format Version 12.00
# Visual Studio 15
VisualStudioVersion = 15.0.28307.438
MinimumVisualStudioVersion = 10.0.40219.1
Project("{FAE04EC0-301F-11D3-BF4B-00C04F79EFBC}") = "API", "API\API.csproj", "{FBFC300A-D536-4080-ADEC-453DB6485130}"
EndProject
Project("{FAE04EC0-301F-11D3-BF4B-00C04F79EFBC}") = "Core", "Core\Core.csproj", "{352290D8-2DB7-49D8-B407-710B0F238C22}"
EndProject
Project("{FAE04EC0-301F-11D3-BF4B-00C04F79EFBC}") = "Data", "Data\Data.csproj", "{090E7AD2-5A75-4368-9F61-A81E0AB8D691}"
EndProject
Project("{FAE04EC0-301F-11D3-BF4B-00C04F79EFBC}") = "Application", "Application\Application.csproj", "{8B17B53C-B9B8-453E-B6FD-5B3F5E2DAD9C}"
EndProject
Global
	GlobalSection(SolutionConfigurationPlatforms) = preSolution
		Debug|Any CPU = Debug|Any CPU
		Release|Any CPU = Release|Any CPU
	EndGlobalSection
	GlobalSection(ProjectConfigurationPlatforms) = postSolution
		{FBFC300A-D536-4080-ADEC-453DB6485130}.Debug|Any CPU.ActiveCfg = Debug|Any CPU
		{FBFC300A-D536-4080-ADEC-453DB6485130}.Debug|Any CPU.Build.0 = Debug|Any CPU
		{FBFC300A-D536-4080-ADEC-453DB6485130}.Release|Any CPU.ActiveCfg = Release|Any CPU
		{FBFC300A-D536-4080-ADEC-453DB6485130}.Release|Any CPU.Build.0 = Release|Any CPU
		{352290D8-2DB7-49D8-B407-710B0F238C22}.Debug|Any CPU.ActiveCfg = Debug|Any CPU
		{352290D8-2DB7-49D8-B407-710B0F238C22}.Debug|Any CPU.Build.0 = Debug|Any CPU
		{352290D8-2DB7-49D8-B407-710B0F238C22}.Release|Any CPU.ActiveCfg = Release|Any CPU
		{352290D8-2DB7-49D8-B407-710B0F238C22}.Release|Any CPU.Build.0 = Release|Any CPU
		{090E7AD2-5A75-4368-9F61-A81E0AB8D691}.Debug|Any CPU.ActiveCfg = Debug|Any CPU
		{090E7AD2-5A75-4368-9F61-A81E0AB8D691}.Debug|Any CPU.Build.0 = Debug|Any CPU
		{090E7AD2-5A75-4368-9F61-A81E0AB8D691}.Release|Any CPU.ActiveCfg = Release|Any CPU
		{090E7AD2-5A75-4368-9F61-A81E0AB8D691}.Release|Any CPU.Build.0 = Release|Any CPU
		{8B17B53C-B9B8-453E-B6FD-5B3F5E2DAD9C}.Debug|Any CPU.ActiveCfg = Debug|Any CPU
		{8B17B53C-B9B8-453E-B6FD-5B3F5E2DAD9C}.Debug|Any CPU.Build.0 = Debug|Any CPU
		{8B17B53C-B9B8-453E-B6FD-5B3F5E2DAD9C}.Release|Any CPU.ActiveCfg = Release|Any CPU
		{8B17B53C-B9B8-453E-B6FD-5B3F5E2DAD9C}.Release|Any CPU.Build.0 = Release|Any CPU
	EndGlobalSection
	GlobalSection(SolutionProperties) = preSolution
		HideSolutionNode = FALSE
	EndGlobalSection
	GlobalSection(ExtensibilityGlobals) = postSolution
		SolutionGuid = {6C5E3CB2-5C99-48FB-94A2-9AAFED8C269A}
	EndGlobalSection
EndGlobal
